// !$*UTF8*$!
{
	archiveVersion = 1;
	classes = {
	};
	objectVersion = 48;
	objects = {

/* Begin PBXBuildFile section */
		10FA2C19A6AFBC14BE1BA2F4 /* Pods_BlueFitnessHR_WatchKit_Extension.framework in Frameworks */ = {isa = PBXBuildFile; fileRef = 3D10EBB93A7C44A0D32B3159 /* Pods_BlueFitnessHR_WatchKit_Extension.framework */; };
		15128B4320279A0B0007BD2C /* AppDelegate.swift in Sources */ = {isa = PBXBuildFile; fileRef = 15128B4220279A0B0007BD2C /* AppDelegate.swift */; };
		15128B4520279A0B0007BD2C /* ViewController.swift in Sources */ = {isa = PBXBuildFile; fileRef = 15128B4420279A0B0007BD2C /* ViewController.swift */; };
		15128B4820279A0B0007BD2C /* Main.storyboard in Resources */ = {isa = PBXBuildFile; fileRef = 15128B4620279A0B0007BD2C /* Main.storyboard */; };
		15128B4A20279A0B0007BD2C /* Assets.xcassets in Resources */ = {isa = PBXBuildFile; fileRef = 15128B4920279A0B0007BD2C /* Assets.xcassets */; };
		15128B4D20279A0B0007BD2C /* LaunchScreen.storyboard in Resources */ = {isa = PBXBuildFile; fileRef = 15128B4B20279A0B0007BD2C /* LaunchScreen.storyboard */; };
		15128B5220279A0B0007BD2C /* BlueFitnessHR WatchKit App.app in Embed Watch Content */ = {isa = PBXBuildFile; fileRef = 15128B5120279A0B0007BD2C /* BlueFitnessHR WatchKit App.app */; };
		15128B5820279A0B0007BD2C /* Interface.storyboard in Resources */ = {isa = PBXBuildFile; fileRef = 15128B5620279A0B0007BD2C /* Interface.storyboard */; };
		15128B5A20279A0B0007BD2C /* Assets.xcassets in Resources */ = {isa = PBXBuildFile; fileRef = 15128B5920279A0B0007BD2C /* Assets.xcassets */; };
		15128B6120279A0B0007BD2C /* BlueFitnessHR WatchKit Extension.appex in Embed App Extensions */ = {isa = PBXBuildFile; fileRef = 15128B6020279A0B0007BD2C /* BlueFitnessHR WatchKit Extension.appex */; settings = {ATTRIBUTES = (RemoveHeadersOnCopy, ); }; };
		15128B6620279A0B0007BD2C /* InterfaceController.swift in Sources */ = {isa = PBXBuildFile; fileRef = 15128B6520279A0B0007BD2C /* InterfaceController.swift */; };
		15128B6820279A0B0007BD2C /* ExtensionDelegate.swift in Sources */ = {isa = PBXBuildFile; fileRef = 15128B6720279A0B0007BD2C /* ExtensionDelegate.swift */; };
		15128B6C20279A0B0007BD2C /* Assets.xcassets in Resources */ = {isa = PBXBuildFile; fileRef = 15128B6B20279A0B0007BD2C /* Assets.xcassets */; };
		153A0949202970060083286B /* HealthKit.framework in Frameworks */ = {isa = PBXBuildFile; fileRef = 153A0948202970060083286B /* HealthKit.framework */; };
		153A094E2029715F0083286B /* HealthKitManager.swift in Sources */ = {isa = PBXBuildFile; fileRef = 153A094D2029715F0083286B /* HealthKitManager.swift */; };
		153A0952202A2F310083286B /* HealthKitManager.swift in Sources */ = {isa = PBXBuildFile; fileRef = 153A094D2029715F0083286B /* HealthKitManager.swift */; };
		153A0954202A44A70083286B /* GoogleService-Info.plist in Resources */ = {isa = PBXBuildFile; fileRef = 153A0953202A44A60083286B /* GoogleService-Info.plist */; };
		17B146D8B7C4867B0FD34C61 /* Pods_BlueFitnessHR.framework in Frameworks */ = {isa = PBXBuildFile; fileRef = BDA809994E18340B0A703925 /* Pods_BlueFitnessHR.framework */; };
		69E308F01407F102978A7CD1 /* Pods_BlueFitnessHR_WatchKit_App.framework in Frameworks */ = {isa = PBXBuildFile; fileRef = 5CBB5E4AAB0E9B0797B561DA /* Pods_BlueFitnessHR_WatchKit_App.framework */; };
/* End PBXBuildFile section */

/* Begin PBXContainerItemProxy section */
		15128B5320279A0B0007BD2C /* PBXContainerItemProxy */ = {
			isa = PBXContainerItemProxy;
			containerPortal = 15128B3720279A0B0007BD2C /* Project object */;
			proxyType = 1;
			remoteGlobalIDString = 15128B5020279A0B0007BD2C;
			remoteInfo = "BlueFitnessHR WatchKit App";
		};
		15128B6220279A0B0007BD2C /* PBXContainerItemProxy */ = {
			isa = PBXContainerItemProxy;
			containerPortal = 15128B3720279A0B0007BD2C /* Project object */;
			proxyType = 1;
			remoteGlobalIDString = 15128B5F20279A0B0007BD2C;
			remoteInfo = "BlueFitnessHR WatchKit Extension";
		};
/* End PBXContainerItemProxy section */

/* Begin PBXCopyFilesBuildPhase section */
		15128B7420279A0B0007BD2C /* Embed App Extensions */ = {
			isa = PBXCopyFilesBuildPhase;
			buildActionMask = 2147483647;
			dstPath = "";
			dstSubfolderSpec = 13;
			files = (
				15128B6120279A0B0007BD2C /* BlueFitnessHR WatchKit Extension.appex in Embed App Extensions */,
			);
			name = "Embed App Extensions";
			runOnlyForDeploymentPostprocessing = 0;
		};
		15128B7820279A0B0007BD2C /* Embed Watch Content */ = {
			isa = PBXCopyFilesBuildPhase;
			buildActionMask = 2147483647;
			dstPath = "$(CONTENTS_FOLDER_PATH)/Watch";
			dstSubfolderSpec = 16;
			files = (
				15128B5220279A0B0007BD2C /* BlueFitnessHR WatchKit App.app in Embed Watch Content */,
			);
			name = "Embed Watch Content";
			runOnlyForDeploymentPostprocessing = 0;
		};
/* End PBXCopyFilesBuildPhase section */

/* Begin PBXFileReference section */
		06560E2524F2FF901022A65E /* Pods-BlueFitnessHR.release.xcconfig */ = {isa = PBXFileReference; includeInIndex = 1; lastKnownFileType = text.xcconfig; name = "Pods-BlueFitnessHR.release.xcconfig"; path = "Pods/Target Support Files/Pods-BlueFitnessHR/Pods-BlueFitnessHR.release.xcconfig"; sourceTree = "<group>"; };
		15128B3F20279A0B0007BD2C /* BlueFitnessHR.app */ = {isa = PBXFileReference; explicitFileType = wrapper.application; includeInIndex = 0; path = BlueFitnessHR.app; sourceTree = BUILT_PRODUCTS_DIR; };
		15128B4220279A0B0007BD2C /* AppDelegate.swift */ = {isa = PBXFileReference; lastKnownFileType = sourcecode.swift; path = AppDelegate.swift; sourceTree = "<group>"; };
		15128B4420279A0B0007BD2C /* ViewController.swift */ = {isa = PBXFileReference; lastKnownFileType = sourcecode.swift; path = ViewController.swift; sourceTree = "<group>"; };
		15128B4720279A0B0007BD2C /* Base */ = {isa = PBXFileReference; lastKnownFileType = file.storyboard; name = Base; path = Base.lproj/Main.storyboard; sourceTree = "<group>"; };
		15128B4920279A0B0007BD2C /* Assets.xcassets */ = {isa = PBXFileReference; lastKnownFileType = folder.assetcatalog; path = Assets.xcassets; sourceTree = "<group>"; };
		15128B4C20279A0B0007BD2C /* Base */ = {isa = PBXFileReference; lastKnownFileType = file.storyboard; name = Base; path = Base.lproj/LaunchScreen.storyboard; sourceTree = "<group>"; };
		15128B4E20279A0B0007BD2C /* Info.plist */ = {isa = PBXFileReference; lastKnownFileType = text.plist.xml; path = Info.plist; sourceTree = "<group>"; };
		15128B5120279A0B0007BD2C /* BlueFitnessHR WatchKit App.app */ = {isa = PBXFileReference; explicitFileType = wrapper.application; includeInIndex = 0; path = "BlueFitnessHR WatchKit App.app"; sourceTree = BUILT_PRODUCTS_DIR; };
		15128B5720279A0B0007BD2C /* Base */ = {isa = PBXFileReference; lastKnownFileType = file.storyboard; name = Base; path = Base.lproj/Interface.storyboard; sourceTree = "<group>"; };
		15128B5920279A0B0007BD2C /* Assets.xcassets */ = {isa = PBXFileReference; lastKnownFileType = folder.assetcatalog; path = Assets.xcassets; sourceTree = "<group>"; };
		15128B5B20279A0B0007BD2C /* Info.plist */ = {isa = PBXFileReference; lastKnownFileType = text.plist.xml; path = Info.plist; sourceTree = "<group>"; };
		15128B6020279A0B0007BD2C /* BlueFitnessHR WatchKit Extension.appex */ = {isa = PBXFileReference; explicitFileType = "wrapper.app-extension"; includeInIndex = 0; path = "BlueFitnessHR WatchKit Extension.appex"; sourceTree = BUILT_PRODUCTS_DIR; };
		15128B6520279A0B0007BD2C /* InterfaceController.swift */ = {isa = PBXFileReference; lastKnownFileType = sourcecode.swift; path = InterfaceController.swift; sourceTree = "<group>"; };
		15128B6720279A0B0007BD2C /* ExtensionDelegate.swift */ = {isa = PBXFileReference; lastKnownFileType = sourcecode.swift; path = ExtensionDelegate.swift; sourceTree = "<group>"; };
		15128B6B20279A0B0007BD2C /* Assets.xcassets */ = {isa = PBXFileReference; lastKnownFileType = folder.assetcatalog; path = Assets.xcassets; sourceTree = "<group>"; };
		15128B6D20279A0B0007BD2C /* Info.plist */ = {isa = PBXFileReference; lastKnownFileType = text.plist.xml; path = Info.plist; sourceTree = "<group>"; };
		153A0946202970060083286B /* BlueFitnessHR.entitlements */ = {isa = PBXFileReference; lastKnownFileType = text.plist.entitlements; path = BlueFitnessHR.entitlements; sourceTree = "<group>"; };
		153A0948202970060083286B /* HealthKit.framework */ = {isa = PBXFileReference; lastKnownFileType = wrapper.framework; name = HealthKit.framework; path = System/Library/Frameworks/HealthKit.framework; sourceTree = SDKROOT; };
		153A094D2029715F0083286B /* HealthKitManager.swift */ = {isa = PBXFileReference; lastKnownFileType = sourcecode.swift; path = HealthKitManager.swift; sourceTree = "<group>"; };
		153A0953202A44A60083286B /* GoogleService-Info.plist */ = {isa = PBXFileReference; fileEncoding = 4; lastKnownFileType = text.plist.xml; name = "GoogleService-Info.plist"; path = "../../../../Downloads/GoogleService-Info.plist"; sourceTree = "<group>"; };
		3D10EBB93A7C44A0D32B3159 /* Pods_BlueFitnessHR_WatchKit_Extension.framework */ = {isa = PBXFileReference; explicitFileType = wrapper.framework; includeInIndex = 0; path = Pods_BlueFitnessHR_WatchKit_Extension.framework; sourceTree = BUILT_PRODUCTS_DIR; };
		3E61ADC7FB8D36E547AD81F9 /* Pods-BlueFitnessHR WatchKit Extension.release.xcconfig */ = {isa = PBXFileReference; includeInIndex = 1; lastKnownFileType = text.xcconfig; name = "Pods-BlueFitnessHR WatchKit Extension.release.xcconfig"; path = "Pods/Target Support Files/Pods-BlueFitnessHR WatchKit Extension/Pods-BlueFitnessHR WatchKit Extension.release.xcconfig"; sourceTree = "<group>"; };
		5CBB5E4AAB0E9B0797B561DA /* Pods_BlueFitnessHR_WatchKit_App.framework */ = {isa = PBXFileReference; explicitFileType = wrapper.framework; includeInIndex = 0; path = Pods_BlueFitnessHR_WatchKit_App.framework; sourceTree = BUILT_PRODUCTS_DIR; };
		8316455EAF52D08F75FF5C58 /* Pods-BlueFitnessHR WatchKit App.debug.xcconfig */ = {isa = PBXFileReference; includeInIndex = 1; lastKnownFileType = text.xcconfig; name = "Pods-BlueFitnessHR WatchKit App.debug.xcconfig"; path = "Pods/Target Support Files/Pods-BlueFitnessHR WatchKit App/Pods-BlueFitnessHR WatchKit App.debug.xcconfig"; sourceTree = "<group>"; };
		A019A4C056F7C0EBE4C5B01B /* Pods-BlueFitnessHR.debug.xcconfig */ = {isa = PBXFileReference; includeInIndex = 1; lastKnownFileType = text.xcconfig; name = "Pods-BlueFitnessHR.debug.xcconfig"; path = "Pods/Target Support Files/Pods-BlueFitnessHR/Pods-BlueFitnessHR.debug.xcconfig"; sourceTree = "<group>"; };
		A72AE51491436909F2E0B025 /* Pods-BlueFitnessHR WatchKit Extension.debug.xcconfig */ = {isa = PBXFileReference; includeInIndex = 1; lastKnownFileType = text.xcconfig; name = "Pods-BlueFitnessHR WatchKit Extension.debug.xcconfig"; path = "Pods/Target Support Files/Pods-BlueFitnessHR WatchKit Extension/Pods-BlueFitnessHR WatchKit Extension.debug.xcconfig"; sourceTree = "<group>"; };
		B87F421053E1C94D8B5357C8 /* Pods-BlueFitnessHR WatchKit App.release.xcconfig */ = {isa = PBXFileReference; includeInIndex = 1; lastKnownFileType = text.xcconfig; name = "Pods-BlueFitnessHR WatchKit App.release.xcconfig"; path = "Pods/Target Support Files/Pods-BlueFitnessHR WatchKit App/Pods-BlueFitnessHR WatchKit App.release.xcconfig"; sourceTree = "<group>"; };
		BDA809994E18340B0A703925 /* Pods_BlueFitnessHR.framework */ = {isa = PBXFileReference; explicitFileType = wrapper.framework; includeInIndex = 0; path = Pods_BlueFitnessHR.framework; sourceTree = BUILT_PRODUCTS_DIR; };
/* End PBXFileReference section */

/* Begin PBXFrameworksBuildPhase section */
		15128B3C20279A0B0007BD2C /* Frameworks */ = {
			isa = PBXFrameworksBuildPhase;
			buildActionMask = 2147483647;
			files = (
				153A0949202970060083286B /* HealthKit.framework in Frameworks */,
				17B146D8B7C4867B0FD34C61 /* Pods_BlueFitnessHR.framework in Frameworks */,
			);
			runOnlyForDeploymentPostprocessing = 0;
		};
		15128B5D20279A0B0007BD2C /* Frameworks */ = {
			isa = PBXFrameworksBuildPhase;
			buildActionMask = 2147483647;
			files = (
				10FA2C19A6AFBC14BE1BA2F4 /* Pods_BlueFitnessHR_WatchKit_Extension.framework in Frameworks */,
			);
			runOnlyForDeploymentPostprocessing = 0;
		};
		A673871D35ABBE945AD059F1 /* Frameworks */ = {
			isa = PBXFrameworksBuildPhase;
			buildActionMask = 2147483647;
			files = (
				69E308F01407F102978A7CD1 /* Pods_BlueFitnessHR_WatchKit_App.framework in Frameworks */,
			);
			runOnlyForDeploymentPostprocessing = 0;
		};
/* End PBXFrameworksBuildPhase section */

/* Begin PBXGroup section */
		15128B3620279A0B0007BD2C = {
			isa = PBXGroup;
			children = (
				153A0951202A2E000083286B /* Shared */,
				15128B4120279A0B0007BD2C /* BlueFitnessHR */,
				15128B5520279A0B0007BD2C /* BlueFitnessHR WatchKit App */,
				15128B6420279A0B0007BD2C /* BlueFitnessHR WatchKit Extension */,
				15128B4020279A0B0007BD2C /* Products */,
				153A0947202970060083286B /* Frameworks */,
				1F3ED840467E6F15AE8C7BF9 /* Pods */,
			);
			sourceTree = "<group>";
		};
		15128B4020279A0B0007BD2C /* Products */ = {
			isa = PBXGroup;
			children = (
				15128B3F20279A0B0007BD2C /* BlueFitnessHR.app */,
				15128B5120279A0B0007BD2C /* BlueFitnessHR WatchKit App.app */,
				15128B6020279A0B0007BD2C /* BlueFitnessHR WatchKit Extension.appex */,
			);
			name = Products;
			sourceTree = "<group>";
		};
		15128B4120279A0B0007BD2C /* BlueFitnessHR */ = {
			isa = PBXGroup;
			children = (
				153A0953202A44A60083286B /* GoogleService-Info.plist */,
				153A0946202970060083286B /* BlueFitnessHR.entitlements */,
				15128B4220279A0B0007BD2C /* AppDelegate.swift */,
				15128B4420279A0B0007BD2C /* ViewController.swift */,
				15128B4620279A0B0007BD2C /* Main.storyboard */,
				15128B4920279A0B0007BD2C /* Assets.xcassets */,
				15128B4B20279A0B0007BD2C /* LaunchScreen.storyboard */,
				15128B4E20279A0B0007BD2C /* Info.plist */,
			);
			path = BlueFitnessHR;
			sourceTree = "<group>";
		};
		15128B5520279A0B0007BD2C /* BlueFitnessHR WatchKit App */ = {
			isa = PBXGroup;
			children = (
				15128B5620279A0B0007BD2C /* Interface.storyboard */,
				15128B5920279A0B0007BD2C /* Assets.xcassets */,
				15128B5B20279A0B0007BD2C /* Info.plist */,
			);
			path = "BlueFitnessHR WatchKit App";
			sourceTree = "<group>";
		};
		15128B6420279A0B0007BD2C /* BlueFitnessHR WatchKit Extension */ = {
			isa = PBXGroup;
			children = (
				15128B6520279A0B0007BD2C /* InterfaceController.swift */,
				15128B6720279A0B0007BD2C /* ExtensionDelegate.swift */,
				15128B6B20279A0B0007BD2C /* Assets.xcassets */,
				15128B6D20279A0B0007BD2C /* Info.plist */,
			);
			path = "BlueFitnessHR WatchKit Extension";
			sourceTree = "<group>";
		};
		153A0947202970060083286B /* Frameworks */ = {
			isa = PBXGroup;
			children = (
				153A0948202970060083286B /* HealthKit.framework */,
				BDA809994E18340B0A703925 /* Pods_BlueFitnessHR.framework */,
				5CBB5E4AAB0E9B0797B561DA /* Pods_BlueFitnessHR_WatchKit_App.framework */,
				3D10EBB93A7C44A0D32B3159 /* Pods_BlueFitnessHR_WatchKit_Extension.framework */,
			);
			name = Frameworks;
			sourceTree = "<group>";
		};
		153A0951202A2E000083286B /* Shared */ = {
			isa = PBXGroup;
			children = (
				153A094D2029715F0083286B /* HealthKitManager.swift */,
			);
			path = Shared;
			sourceTree = "<group>";
		};
		1F3ED840467E6F15AE8C7BF9 /* Pods */ = {
			isa = PBXGroup;
			children = (
				A019A4C056F7C0EBE4C5B01B /* Pods-BlueFitnessHR.debug.xcconfig */,
				06560E2524F2FF901022A65E /* Pods-BlueFitnessHR.release.xcconfig */,
				8316455EAF52D08F75FF5C58 /* Pods-BlueFitnessHR WatchKit App.debug.xcconfig */,
				B87F421053E1C94D8B5357C8 /* Pods-BlueFitnessHR WatchKit App.release.xcconfig */,
				A72AE51491436909F2E0B025 /* Pods-BlueFitnessHR WatchKit Extension.debug.xcconfig */,
				3E61ADC7FB8D36E547AD81F9 /* Pods-BlueFitnessHR WatchKit Extension.release.xcconfig */,
			);
			name = Pods;
			sourceTree = "<group>";
		};
/* End PBXGroup section */

/* Begin PBXNativeTarget section */
		15128B3E20279A0B0007BD2C /* BlueFitnessHR */ = {
			isa = PBXNativeTarget;
			buildConfigurationList = 15128B7920279A0B0007BD2C /* Build configuration list for PBXNativeTarget "BlueFitnessHR" */;
			buildPhases = (
				190FEB3A5D5F32BE8E33D3BA /* [CP] Check Pods Manifest.lock */,
				15128B3B20279A0B0007BD2C /* Sources */,
				15128B3C20279A0B0007BD2C /* Frameworks */,
				15128B3D20279A0B0007BD2C /* Resources */,
				15128B7820279A0B0007BD2C /* Embed Watch Content */,
				B88F64851F449B47E634D37C /* [CP] Embed Pods Frameworks */,
				35C3A6C73046964326A77930 /* [CP] Copy Pods Resources */,
			);
			buildRules = (
			);
			dependencies = (
				15128B5420279A0B0007BD2C /* PBXTargetDependency */,
			);
			name = BlueFitnessHR;
			productName = BlueFitnessHR;
			productReference = 15128B3F20279A0B0007BD2C /* BlueFitnessHR.app */;
			productType = "com.apple.product-type.application";
		};
		15128B5020279A0B0007BD2C /* BlueFitnessHR WatchKit App */ = {
			isa = PBXNativeTarget;
			buildConfigurationList = 15128B7520279A0B0007BD2C /* Build configuration list for PBXNativeTarget "BlueFitnessHR WatchKit App" */;
			buildPhases = (
				CEECED93236C3EBD01015F2C /* [CP] Check Pods Manifest.lock */,
				15128B4F20279A0B0007BD2C /* Resources */,
				15128B7420279A0B0007BD2C /* Embed App Extensions */,
				A673871D35ABBE945AD059F1 /* Frameworks */,
				148FEE56B866ACA2CAFA3DB8 /* [CP] Copy Pods Resources */,
			);
			buildRules = (
			);
			dependencies = (
				15128B6320279A0B0007BD2C /* PBXTargetDependency */,
			);
			name = "BlueFitnessHR WatchKit App";
			productName = "BlueFitnessHR WatchKit App";
			productReference = 15128B5120279A0B0007BD2C /* BlueFitnessHR WatchKit App.app */;
			productType = "com.apple.product-type.application.watchapp2";
		};
		15128B5F20279A0B0007BD2C /* BlueFitnessHR WatchKit Extension */ = {
			isa = PBXNativeTarget;
			buildConfigurationList = 15128B7120279A0B0007BD2C /* Build configuration list for PBXNativeTarget "BlueFitnessHR WatchKit Extension" */;
			buildPhases = (
				7A0A1D5C08F34AD20BB913EF /* [CP] Check Pods Manifest.lock */,
				15128B5C20279A0B0007BD2C /* Sources */,
				15128B5D20279A0B0007BD2C /* Frameworks */,
				15128B5E20279A0B0007BD2C /* Resources */,
				F2214BAE3804DE49D0F580CF /* [CP] Embed Pods Frameworks */,
				268A6E932B74AE1C804D6075 /* [CP] Copy Pods Resources */,
			);
			buildRules = (
			);
			dependencies = (
			);
			name = "BlueFitnessHR WatchKit Extension";
			productName = "BlueFitnessHR WatchKit Extension";
			productReference = 15128B6020279A0B0007BD2C /* BlueFitnessHR WatchKit Extension.appex */;
			productType = "com.apple.product-type.watchkit2-extension";
		};
/* End PBXNativeTarget section */

/* Begin PBXProject section */
		15128B3720279A0B0007BD2C /* Project object */ = {
			isa = PBXProject;
			attributes = {
				LastSwiftUpdateCheck = 0920;
				LastUpgradeCheck = 0920;
				ORGANIZATIONNAME = KBStudios;
				TargetAttributes = {
					15128B3E20279A0B0007BD2C = {
						CreatedOnToolsVersion = 9.2;
						ProvisioningStyle = Automatic;
						SystemCapabilities = {
							com.apple.HealthKit = {
								enabled = 1;
							};
						};
					};
					15128B5020279A0B0007BD2C = {
						CreatedOnToolsVersion = 9.2;
						ProvisioningStyle = Automatic;
					};
					15128B5F20279A0B0007BD2C = {
						CreatedOnToolsVersion = 9.2;
						ProvisioningStyle = Automatic;
					};
				};
			};
			buildConfigurationList = 15128B3A20279A0B0007BD2C /* Build configuration list for PBXProject "BlueFitnessHR" */;
			compatibilityVersion = "Xcode 8.0";
			developmentRegion = en;
			hasScannedForEncodings = 0;
			knownRegions = (
				en,
				Base,
			);
			mainGroup = 15128B3620279A0B0007BD2C;
			productRefGroup = 15128B4020279A0B0007BD2C /* Products */;
			projectDirPath = "";
			projectRoot = "";
			targets = (
				15128B3E20279A0B0007BD2C /* BlueFitnessHR */,
				15128B5020279A0B0007BD2C /* BlueFitnessHR WatchKit App */,
				15128B5F20279A0B0007BD2C /* BlueFitnessHR WatchKit Extension */,
			);
		};
/* End PBXProject section */

/* Begin PBXResourcesBuildPhase section */
		15128B3D20279A0B0007BD2C /* Resources */ = {
			isa = PBXResourcesBuildPhase;
			buildActionMask = 2147483647;
			files = (
				15128B4D20279A0B0007BD2C /* LaunchScreen.storyboard in Resources */,
				153A0954202A44A70083286B /* GoogleService-Info.plist in Resources */,
				15128B4A20279A0B0007BD2C /* Assets.xcassets in Resources */,
				15128B4820279A0B0007BD2C /* Main.storyboard in Resources */,
			);
			runOnlyForDeploymentPostprocessing = 0;
		};
		15128B4F20279A0B0007BD2C /* Resources */ = {
			isa = PBXResourcesBuildPhase;
			buildActionMask = 2147483647;
			files = (
				15128B5A20279A0B0007BD2C /* Assets.xcassets in Resources */,
				15128B5820279A0B0007BD2C /* Interface.storyboard in Resources */,
			);
			runOnlyForDeploymentPostprocessing = 0;
		};
		15128B5E20279A0B0007BD2C /* Resources */ = {
			isa = PBXResourcesBuildPhase;
			buildActionMask = 2147483647;
			files = (
				15128B6C20279A0B0007BD2C /* Assets.xcassets in Resources */,
			);
			runOnlyForDeploymentPostprocessing = 0;
		};
/* End PBXResourcesBuildPhase section */

/* Begin PBXShellScriptBuildPhase section */
		148FEE56B866ACA2CAFA3DB8 /* [CP] Copy Pods Resources */ = {
			isa = PBXShellScriptBuildPhase;
			buildActionMask = 2147483647;
			files = (
			);
			inputPaths = (
			);
			name = "[CP] Copy Pods Resources";
			outputPaths = (
			);
			runOnlyForDeploymentPostprocessing = 0;
			shellPath = /bin/sh;
			shellScript = "\"${SRCROOT}/Pods/Target Support Files/Pods-BlueFitnessHR WatchKit App/Pods-BlueFitnessHR WatchKit App-resources.sh\"\n";
			showEnvVarsInLog = 0;
		};
		190FEB3A5D5F32BE8E33D3BA /* [CP] Check Pods Manifest.lock */ = {
			isa = PBXShellScriptBuildPhase;
			buildActionMask = 2147483647;
			files = (
			);
			inputPaths = (
				"${PODS_PODFILE_DIR_PATH}/Podfile.lock",
				"${PODS_ROOT}/Manifest.lock",
			);
			name = "[CP] Check Pods Manifest.lock";
			outputPaths = (
				"$(DERIVED_FILE_DIR)/Pods-BlueFitnessHR-checkManifestLockResult.txt",
			);
			runOnlyForDeploymentPostprocessing = 0;
			shellPath = /bin/sh;
			shellScript = "diff \"${PODS_PODFILE_DIR_PATH}/Podfile.lock\" \"${PODS_ROOT}/Manifest.lock\" > /dev/null\nif [ $? != 0 ] ; then\n    # print error to STDERR\n    echo \"error: The sandbox is not in sync with the Podfile.lock. Run 'pod install' or update your CocoaPods installation.\" >&2\n    exit 1\nfi\n# This output is used by Xcode 'outputs' to avoid re-running this script phase.\necho \"SUCCESS\" > \"${SCRIPT_OUTPUT_FILE_0}\"\n";
			showEnvVarsInLog = 0;
		};
		268A6E932B74AE1C804D6075 /* [CP] Copy Pods Resources */ = {
			isa = PBXShellScriptBuildPhase;
			buildActionMask = 2147483647;
			files = (
			);
			inputPaths = (
			);
			name = "[CP] Copy Pods Resources";
			outputPaths = (
			);
			runOnlyForDeploymentPostprocessing = 0;
			shellPath = /bin/sh;
			shellScript = "\"${SRCROOT}/Pods/Target Support Files/Pods-BlueFitnessHR WatchKit Extension/Pods-BlueFitnessHR WatchKit Extension-resources.sh\"\n";
			showEnvVarsInLog = 0;
		};
		35C3A6C73046964326A77930 /* [CP] Copy Pods Resources */ = {
			isa = PBXShellScriptBuildPhase;
			buildActionMask = 2147483647;
			files = (
			);
			inputPaths = (
			);
			name = "[CP] Copy Pods Resources";
			outputPaths = (
			);
			runOnlyForDeploymentPostprocessing = 0;
			shellPath = /bin/sh;
			shellScript = "\"${SRCROOT}/Pods/Target Support Files/Pods-BlueFitnessHR/Pods-BlueFitnessHR-resources.sh\"\n";
			showEnvVarsInLog = 0;
		};
		7A0A1D5C08F34AD20BB913EF /* [CP] Check Pods Manifest.lock */ = {
			isa = PBXShellScriptBuildPhase;
			buildActionMask = 2147483647;
			files = (
			);
			inputPaths = (
				"${PODS_PODFILE_DIR_PATH}/Podfile.lock",
				"${PODS_ROOT}/Manifest.lock",
			);
			name = "[CP] Check Pods Manifest.lock";
			outputPaths = (
				"$(DERIVED_FILE_DIR)/Pods-BlueFitnessHR WatchKit Extension-checkManifestLockResult.txt",
			);
			runOnlyForDeploymentPostprocessing = 0;
			shellPath = /bin/sh;
			shellScript = "diff \"${PODS_PODFILE_DIR_PATH}/Podfile.lock\" \"${PODS_ROOT}/Manifest.lock\" > /dev/null\nif [ $? != 0 ] ; then\n    # print error to STDERR\n    echo \"error: The sandbox is not in sync with the Podfile.lock. Run 'pod install' or update your CocoaPods installation.\" >&2\n    exit 1\nfi\n# This output is used by Xcode 'outputs' to avoid re-running this script phase.\necho \"SUCCESS\" > \"${SCRIPT_OUTPUT_FILE_0}\"\n";
			showEnvVarsInLog = 0;
		};
		B88F64851F449B47E634D37C /* [CP] Embed Pods Frameworks */ = {
			isa = PBXShellScriptBuildPhase;
			buildActionMask = 2147483647;
			files = (
			);
			inputPaths = (
				"${SRCROOT}/Pods/Target Support Files/Pods-BlueFitnessHR/Pods-BlueFitnessHR-frameworks.sh",
				"${BUILT_PRODUCTS_DIR}/GoogleToolboxForMac/GoogleToolboxForMac.framework",
				"${BUILT_PRODUCTS_DIR}/leveldb-library/leveldb.framework",
				"${BUILT_PRODUCTS_DIR}/nanopb/nanopb.framework",
			);
			name = "[CP] Embed Pods Frameworks";
			outputPaths = (
				"${TARGET_BUILD_DIR}/${FRAMEWORKS_FOLDER_PATH}/GoogleToolboxForMac.framework",
				"${TARGET_BUILD_DIR}/${FRAMEWORKS_FOLDER_PATH}/leveldb.framework",
				"${TARGET_BUILD_DIR}/${FRAMEWORKS_FOLDER_PATH}/nanopb.framework",
			);
			runOnlyForDeploymentPostprocessing = 0;
			shellPath = /bin/sh;
			shellScript = "\"${SRCROOT}/Pods/Target Support Files/Pods-BlueFitnessHR/Pods-BlueFitnessHR-frameworks.sh\"\n";
			showEnvVarsInLog = 0;
		};
		CEECED93236C3EBD01015F2C /* [CP] Check Pods Manifest.lock */ = {
			isa = PBXShellScriptBuildPhase;
			buildActionMask = 2147483647;
			files = (
			);
			inputPaths = (
				"${PODS_PODFILE_DIR_PATH}/Podfile.lock",
				"${PODS_ROOT}/Manifest.lock",
			);
			name = "[CP] Check Pods Manifest.lock";
			outputPaths = (
				"$(DERIVED_FILE_DIR)/Pods-BlueFitnessHR WatchKit App-checkManifestLockResult.txt",
			);
			runOnlyForDeploymentPostprocessing = 0;
			shellPath = /bin/sh;
			shellScript = "diff \"${PODS_PODFILE_DIR_PATH}/Podfile.lock\" \"${PODS_ROOT}/Manifest.lock\" > /dev/null\nif [ $? != 0 ] ; then\n    # print error to STDERR\n    echo \"error: The sandbox is not in sync with the Podfile.lock. Run 'pod install' or update your CocoaPods installation.\" >&2\n    exit 1\nfi\n# This output is used by Xcode 'outputs' to avoid re-running this script phase.\necho \"SUCCESS\" > \"${SCRIPT_OUTPUT_FILE_0}\"\n";
			showEnvVarsInLog = 0;
		};
		F2214BAE3804DE49D0F580CF /* [CP] Embed Pods Frameworks */ = {
			isa = PBXShellScriptBuildPhase;
			buildActionMask = 2147483647;
			files = (
			);
			inputPaths = (
			);
			name = "[CP] Embed Pods Frameworks";
			outputPaths = (
			);
			runOnlyForDeploymentPostprocessing = 0;
			shellPath = /bin/sh;
			shellScript = "\"${SRCROOT}/Pods/Target Support Files/Pods-BlueFitnessHR WatchKit Extension/Pods-BlueFitnessHR WatchKit Extension-frameworks.sh\"\n";
			showEnvVarsInLog = 0;
		};
/* End PBXShellScriptBuildPhase section */

/* Begin PBXSourcesBuildPhase section */
		15128B3B20279A0B0007BD2C /* Sources */ = {
			isa = PBXSourcesBuildPhase;
			buildActionMask = 2147483647;
			files = (
				15128B4520279A0B0007BD2C /* ViewController.swift in Sources */,
				15128B4320279A0B0007BD2C /* AppDelegate.swift in Sources */,
				153A0952202A2F310083286B /* HealthKitManager.swift in Sources */,
			);
			runOnlyForDeploymentPostprocessing = 0;
		};
		15128B5C20279A0B0007BD2C /* Sources */ = {
			isa = PBXSourcesBuildPhase;
			buildActionMask = 2147483647;
			files = (
				15128B6820279A0B0007BD2C /* ExtensionDelegate.swift in Sources */,
				153A094E2029715F0083286B /* HealthKitManager.swift in Sources */,
				15128B6620279A0B0007BD2C /* InterfaceController.swift in Sources */,
			);
			runOnlyForDeploymentPostprocessing = 0;
		};
/* End PBXSourcesBuildPhase section */

/* Begin PBXTargetDependency section */
		15128B5420279A0B0007BD2C /* PBXTargetDependency */ = {
			isa = PBXTargetDependency;
			target = 15128B5020279A0B0007BD2C /* BlueFitnessHR WatchKit App */;
			targetProxy = 15128B5320279A0B0007BD2C /* PBXContainerItemProxy */;
		};
		15128B6320279A0B0007BD2C /* PBXTargetDependency */ = {
			isa = PBXTargetDependency;
			target = 15128B5F20279A0B0007BD2C /* BlueFitnessHR WatchKit Extension */;
			targetProxy = 15128B6220279A0B0007BD2C /* PBXContainerItemProxy */;
		};
/* End PBXTargetDependency section */

/* Begin PBXVariantGroup section */
		15128B4620279A0B0007BD2C /* Main.storyboard */ = {
			isa = PBXVariantGroup;
			children = (
				15128B4720279A0B0007BD2C /* Base */,
			);
			name = Main.storyboard;
			sourceTree = "<group>";
		};
		15128B4B20279A0B0007BD2C /* LaunchScreen.storyboard */ = {
			isa = PBXVariantGroup;
			children = (
				15128B4C20279A0B0007BD2C /* Base */,
			);
			name = LaunchScreen.storyboard;
			sourceTree = "<group>";
		};
		15128B5620279A0B0007BD2C /* Interface.storyboard */ = {
			isa = PBXVariantGroup;
			children = (
				15128B5720279A0B0007BD2C /* Base */,
			);
			name = Interface.storyboard;
			sourceTree = "<group>";
		};
/* End PBXVariantGroup section */

/* Begin XCBuildConfiguration section */
		15128B6F20279A0B0007BD2C /* Debug */ = {
			isa = XCBuildConfiguration;
			buildSettings = {
				ALWAYS_SEARCH_USER_PATHS = NO;
				CLANG_ANALYZER_NONNULL = YES;
				CLANG_ANALYZER_NUMBER_OBJECT_CONVERSION = YES_AGGRESSIVE;
				CLANG_CXX_LANGUAGE_STANDARD = "gnu++14";
				CLANG_CXX_LIBRARY = "libc++";
				CLANG_ENABLE_MODULES = YES;
				CLANG_ENABLE_OBJC_ARC = YES;
				CLANG_WARN_BLOCK_CAPTURE_AUTORELEASING = YES;
				CLANG_WARN_BOOL_CONVERSION = YES;
				CLANG_WARN_COMMA = YES;
				CLANG_WARN_CONSTANT_CONVERSION = YES;
				CLANG_WARN_DIRECT_OBJC_ISA_USAGE = YES_ERROR;
				CLANG_WARN_DOCUMENTATION_COMMENTS = YES;
				CLANG_WARN_EMPTY_BODY = YES;
				CLANG_WARN_ENUM_CONVERSION = YES;
				CLANG_WARN_INFINITE_RECURSION = YES;
				CLANG_WARN_INT_CONVERSION = YES;
				CLANG_WARN_NON_LITERAL_NULL_CONVERSION = YES;
				CLANG_WARN_OBJC_LITERAL_CONVERSION = YES;
				CLANG_WARN_OBJC_ROOT_CLASS = YES_ERROR;
				CLANG_WARN_RANGE_LOOP_ANALYSIS = YES;
				CLANG_WARN_STRICT_PROTOTYPES = YES;
				CLANG_WARN_SUSPICIOUS_MOVE = YES;
				CLANG_WARN_UNGUARDED_AVAILABILITY = YES_AGGRESSIVE;
				CLANG_WARN_UNREACHABLE_CODE = YES;
				CLANG_WARN__DUPLICATE_METHOD_MATCH = YES;
				CODE_SIGN_IDENTITY = "iPhone Developer";
				COPY_PHASE_STRIP = NO;
				DEBUG_INFORMATION_FORMAT = dwarf;
				ENABLE_STRICT_OBJC_MSGSEND = YES;
				ENABLE_TESTABILITY = YES;
				GCC_C_LANGUAGE_STANDARD = gnu11;
				GCC_DYNAMIC_NO_PIC = NO;
				GCC_NO_COMMON_BLOCKS = YES;
				GCC_OPTIMIZATION_LEVEL = 0;
				GCC_PREPROCESSOR_DEFINITIONS = (
					"DEBUG=1",
					"$(inherited)",
				);
				GCC_WARN_64_TO_32_BIT_CONVERSION = YES;
				GCC_WARN_ABOUT_RETURN_TYPE = YES_ERROR;
				GCC_WARN_UNDECLARED_SELECTOR = YES;
				GCC_WARN_UNINITIALIZED_AUTOS = YES_AGGRESSIVE;
				GCC_WARN_UNUSED_FUNCTION = YES;
				GCC_WARN_UNUSED_VARIABLE = YES;
				IPHONEOS_DEPLOYMENT_TARGET = 11.2;
				MTL_ENABLE_DEBUG_INFO = YES;
				ONLY_ACTIVE_ARCH = YES;
				SDKROOT = iphoneos;
				SWIFT_ACTIVE_COMPILATION_CONDITIONS = DEBUG;
				SWIFT_OPTIMIZATION_LEVEL = "-Onone";
			};
			name = Debug;
		};
		15128B7020279A0B0007BD2C /* Release */ = {
			isa = XCBuildConfiguration;
			buildSettings = {
				ALWAYS_SEARCH_USER_PATHS = NO;
				CLANG_ANALYZER_NONNULL = YES;
				CLANG_ANALYZER_NUMBER_OBJECT_CONVERSION = YES_AGGRESSIVE;
				CLANG_CXX_LANGUAGE_STANDARD = "gnu++14";
				CLANG_CXX_LIBRARY = "libc++";
				CLANG_ENABLE_MODULES = YES;
				CLANG_ENABLE_OBJC_ARC = YES;
				CLANG_WARN_BLOCK_CAPTURE_AUTORELEASING = YES;
				CLANG_WARN_BOOL_CONVERSION = YES;
				CLANG_WARN_COMMA = YES;
				CLANG_WARN_CONSTANT_CONVERSION = YES;
				CLANG_WARN_DIRECT_OBJC_ISA_USAGE = YES_ERROR;
				CLANG_WARN_DOCUMENTATION_COMMENTS = YES;
				CLANG_WARN_EMPTY_BODY = YES;
				CLANG_WARN_ENUM_CONVERSION = YES;
				CLANG_WARN_INFINITE_RECURSION = YES;
				CLANG_WARN_INT_CONVERSION = YES;
				CLANG_WARN_NON_LITERAL_NULL_CONVERSION = YES;
				CLANG_WARN_OBJC_LITERAL_CONVERSION = YES;
				CLANG_WARN_OBJC_ROOT_CLASS = YES_ERROR;
				CLANG_WARN_RANGE_LOOP_ANALYSIS = YES;
				CLANG_WARN_STRICT_PROTOTYPES = YES;
				CLANG_WARN_SUSPICIOUS_MOVE = YES;
				CLANG_WARN_UNGUARDED_AVAILABILITY = YES_AGGRESSIVE;
				CLANG_WARN_UNREACHABLE_CODE = YES;
				CLANG_WARN__DUPLICATE_METHOD_MATCH = YES;
				CODE_SIGN_IDENTITY = "iPhone Developer";
				COPY_PHASE_STRIP = NO;
				DEBUG_INFORMATION_FORMAT = "dwarf-with-dsym";
				ENABLE_NS_ASSERTIONS = NO;
				ENABLE_STRICT_OBJC_MSGSEND = YES;
				GCC_C_LANGUAGE_STANDARD = gnu11;
				GCC_NO_COMMON_BLOCKS = YES;
				GCC_WARN_64_TO_32_BIT_CONVERSION = YES;
				GCC_WARN_ABOUT_RETURN_TYPE = YES_ERROR;
				GCC_WARN_UNDECLARED_SELECTOR = YES;
				GCC_WARN_UNINITIALIZED_AUTOS = YES_AGGRESSIVE;
				GCC_WARN_UNUSED_FUNCTION = YES;
				GCC_WARN_UNUSED_VARIABLE = YES;
				IPHONEOS_DEPLOYMENT_TARGET = 11.2;
				MTL_ENABLE_DEBUG_INFO = NO;
				SDKROOT = iphoneos;
				SWIFT_OPTIMIZATION_LEVEL = "-Owholemodule";
				VALIDATE_PRODUCT = YES;
			};
			name = Release;
		};
		15128B7220279A0B0007BD2C /* Debug */ = {
			isa = XCBuildConfiguration;
			baseConfigurationReference = A72AE51491436909F2E0B025 /* Pods-BlueFitnessHR WatchKit Extension.debug.xcconfig */;
			buildSettings = {
				ASSETCATALOG_COMPILER_COMPLICATION_NAME = Complication;
				CODE_SIGN_STYLE = Automatic;
				DEVELOPMENT_TEAM = QCB227D757;
				INFOPLIST_FILE = "BlueFitnessHR WatchKit Extension/Info.plist";
				LD_RUNPATH_SEARCH_PATHS = "$(inherited) @executable_path/Frameworks @executable_path/../../Frameworks";
				PRODUCT_BUNDLE_IDENTIFIER = com.KBStudios.BlueFitnessHR.watchkitapp.watchkitextension;
				PRODUCT_NAME = "${TARGET_NAME}";
				SDKROOT = watchos;
				SKIP_INSTALL = YES;
				SWIFT_VERSION = 4.0;
				TARGETED_DEVICE_FAMILY = 4;
				WATCHOS_DEPLOYMENT_TARGET = 4.2;
			};
			name = Debug;
		};
		15128B7320279A0B0007BD2C /* Release */ = {
			isa = XCBuildConfiguration;
			baseConfigurationReference = 3E61ADC7FB8D36E547AD81F9 /* Pods-BlueFitnessHR WatchKit Extension.release.xcconfig */;
			buildSettings = {
				ASSETCATALOG_COMPILER_COMPLICATION_NAME = Complication;
				CODE_SIGN_STYLE = Automatic;
				DEVELOPMENT_TEAM = QCB227D757;
				INFOPLIST_FILE = "BlueFitnessHR WatchKit Extension/Info.plist";
				LD_RUNPATH_SEARCH_PATHS = "$(inherited) @executable_path/Frameworks @executable_path/../../Frameworks";
				PRODUCT_BUNDLE_IDENTIFIER = com.KBStudios.BlueFitnessHR.watchkitapp.watchkitextension;
				PRODUCT_NAME = "${TARGET_NAME}";
				SDKROOT = watchos;
				SKIP_INSTALL = YES;
				SWIFT_VERSION = 4.0;
				TARGETED_DEVICE_FAMILY = 4;
				WATCHOS_DEPLOYMENT_TARGET = 4.2;
			};
			name = Release;
		};
		15128B7620279A0B0007BD2C /* Debug */ = {
			isa = XCBuildConfiguration;
			baseConfigurationReference = 8316455EAF52D08F75FF5C58 /* Pods-BlueFitnessHR WatchKit App.debug.xcconfig */;
			buildSettings = {
				ALWAYS_EMBED_SWIFT_STANDARD_LIBRARIES = YES;
				ASSETCATALOG_COMPILER_APPICON_NAME = AppIcon;
				CODE_SIGN_STYLE = Automatic;
				DEVELOPMENT_TEAM = QCB227D757;
				IBSC_MODULE = BlueFitnessHR_WatchKit_Extension;
				INFOPLIST_FILE = "BlueFitnessHR WatchKit App/Info.plist";
				PRODUCT_BUNDLE_IDENTIFIER = com.KBStudios.BlueFitnessHR.watchkitapp;
				PRODUCT_NAME = "$(TARGET_NAME)";
				SDKROOT = watchos;
				SKIP_INSTALL = YES;
				SWIFT_VERSION = 4.0;
				TARGETED_DEVICE_FAMILY = 4;
				WATCHOS_DEPLOYMENT_TARGET = 4.2;
			};
			name = Debug;
		};
		15128B7720279A0B0007BD2C /* Release */ = {
			isa = XCBuildConfiguration;
			baseConfigurationReference = B87F421053E1C94D8B5357C8 /* Pods-BlueFitnessHR WatchKit App.release.xcconfig */;
			buildSettings = {
				ALWAYS_EMBED_SWIFT_STANDARD_LIBRARIES = YES;
				ASSETCATALOG_COMPILER_APPICON_NAME = AppIcon;
				CODE_SIGN_STYLE = Automatic;
				DEVELOPMENT_TEAM = QCB227D757;
				IBSC_MODULE = BlueFitnessHR_WatchKit_Extension;
				INFOPLIST_FILE = "BlueFitnessHR WatchKit App/Info.plist";
				PRODUCT_BUNDLE_IDENTIFIER = com.KBStudios.BlueFitnessHR.watchkitapp;
				PRODUCT_NAME = "$(TARGET_NAME)";
				SDKROOT = watchos;
				SKIP_INSTALL = YES;
				SWIFT_VERSION = 4.0;
				TARGETED_DEVICE_FAMILY = 4;
				WATCHOS_DEPLOYMENT_TARGET = 4.2;
			};
			name = Release;
		};
		15128B7A20279A0B0007BD2C /* Debug */ = {
			isa = XCBuildConfiguration;
			baseConfigurationReference = A019A4C056F7C0EBE4C5B01B /* Pods-BlueFitnessHR.debug.xcconfig */;
			buildSettings = {
				ASSETCATALOG_COMPILER_APPICON_NAME = AppIcon;
				CODE_SIGN_ENTITLEMENTS = BlueFitnessHR/BlueFitnessHR.entitlements;
				CODE_SIGN_STYLE = Automatic;
				DEVELOPMENT_TEAM = QCB227D757;
				INFOPLIST_FILE = BlueFitnessHR/Info.plist;
				LD_RUNPATH_SEARCH_PATHS = "$(inherited) @executable_path/Frameworks";
				PRODUCT_BUNDLE_IDENTIFIER = com.KBStudios.BlueFitnessHR;
				PRODUCT_NAME = "$(TARGET_NAME)";
				SWIFT_VERSION = 4.0;
				TARGETED_DEVICE_FAMILY = "1,2";
			};
			name = Debug;
		};
		15128B7B20279A0B0007BD2C /* Release */ = {
			isa = XCBuildConfiguration;
			baseConfigurationReference = 06560E2524F2FF901022A65E /* Pods-BlueFitnessHR.release.xcconfig */;
			buildSettings = {
				ASSETCATALOG_COMPILER_APPICON_NAME = AppIcon;
				CODE_SIGN_ENTITLEMENTS = BlueFitnessHR/BlueFitnessHR.entitlements;
				CODE_SIGN_STYLE = Automatic;
				DEVELOPMENT_TEAM = QCB227D757;
				INFOPLIST_FILE = BlueFitnessHR/Info.plist;
				LD_RUNPATH_SEARCH_PATHS = "$(inherited) @executable_path/Frameworks";
				PRODUCT_BUNDLE_IDENTIFIER = com.KBStudios.BlueFitnessHR;
				PRODUCT_NAME = "$(TARGET_NAME)";
				SWIFT_VERSION = 4.0;
				TARGETED_DEVICE_FAMILY = "1,2";
			};
			name = Release;
		};
/* End XCBuildConfiguration section */

/* Begin XCConfigurationList section */
		15128B3A20279A0B0007BD2C /* Build configuration list for PBXProject "BlueFitnessHR" */ = {
			isa = XCConfigurationList;
			buildConfigurations = (
				15128B6F20279A0B0007BD2C /* Debug */,
				15128B7020279A0B0007BD2C /* Release */,
			);
			defaultConfigurationIsVisible = 0;
			defaultConfigurationName = Release;
		};
		15128B7120279A0B0007BD2C /* Build configuration list for PBXNativeTarget "BlueFitnessHR WatchKit Extension" */ = {
			isa = XCConfigurationList;
			buildConfigurations = (
				15128B7220279A0B0007BD2C /* Debug */,
				15128B7320279A0B0007BD2C /* Release */,
			);
			defaultConfigurationIsVisible = 0;
			defaultConfigurationName = Release;
		};
		15128B7520279A0B0007BD2C /* Build configuration list for PBXNativeTarget "BlueFitnessHR WatchKit App" */ = {
			isa = XCConfigurationList;
			buildConfigurations = (
				15128B7620279A0B0007BD2C /* Debug */,
				15128B7720279A0B0007BD2C /* Release */,
			);
			defaultConfigurationIsVisible = 0;
			defaultConfigurationName = Release;
		};
		15128B7920279A0B0007BD2C /* Build configuration list for PBXNativeTarget "BlueFitnessHR" */ = {
			isa = XCConfigurationList;
			buildConfigurations = (
				15128B7A20279A0B0007BD2C /* Debug */,
				15128B7B20279A0B0007BD2C /* Release */,
			);
			defaultConfigurationIsVisible = 0;
			defaultConfigurationName = Release;
		};
/* End XCConfigurationList section */
	};
	rootObject = 15128B3720279A0B0007BD2C /* Project object */;
}
